// !$*UTF8*$!
{
	archiveVersion = 1;
	classes = {
	};
	objectVersion = 50;
	objects = {

/* Begin PBXBuildFile section */
		84C7C7F622414EB900A33B22 /* AppDelegate.m in Sources */ = {isa = PBXBuildFile; fileRef = 84C7C7F522414EB900A33B22 /* AppDelegate.m */; };
		84C7C7F922414EB900A33B22 /* ViewController.m in Sources */ = {isa = PBXBuildFile; fileRef = 84C7C7F822414EB900A33B22 /* ViewController.m */; };
		84C7C7FC22414EB900A33B22 /* Main.storyboard in Resources */ = {isa = PBXBuildFile; fileRef = 84C7C7FA22414EB900A33B22 /* Main.storyboard */; };
		84C7C7FE22414EBA00A33B22 /* Assets.xcassets in Resources */ = {isa = PBXBuildFile; fileRef = 84C7C7FD22414EBA00A33B22 /* Assets.xcassets */; };
		84C7C80122414EBA00A33B22 /* LaunchScreen.storyboard in Resources */ = {isa = PBXBuildFile; fileRef = 84C7C7FF22414EBA00A33B22 /* LaunchScreen.storyboard */; };
		84C7C80422414EBA00A33B22 /* main.m in Sources */ = {isa = PBXBuildFile; fileRef = 84C7C80322414EBA00A33B22 /* main.m */; };
		84C7C80C22414F0700A33B22 /* HoverPageViewController.m in Sources */ = {isa = PBXBuildFile; fileRef = 84C7C80B22414F0700A33B22 /* HoverPageViewController.m */; };
		84C7C80F2243E8B300A33B22 /* Children1ViewController.m in Sources */ = {isa = PBXBuildFile; fileRef = 84C7C80E2243E8B300A33B22 /* Children1ViewController.m */; };
		84C7C8122243E8C600A33B22 /* Children2ViewController.m in Sources */ = {isa = PBXBuildFile; fileRef = 84C7C8112243E8C600A33B22 /* Children2ViewController.m */; };
		84C7C8152243E8D800A33B22 /* Children3ViewController.m in Sources */ = {isa = PBXBuildFile; fileRef = 84C7C8142243E8D800A33B22 /* Children3ViewController.m */; };
/* End PBXBuildFile section */

/* Begin PBXFileReference section */
		84C7C7F122414EB900A33B22 /* HoverDome_OC.app */ = {isa = PBXFileReference; explicitFileType = wrapper.application; includeInIndex = 0; path = HoverDome_OC.app; sourceTree = BUILT_PRODUCTS_DIR; };
		84C7C7F422414EB900A33B22 /* AppDelegate.h */ = {isa = PBXFileReference; lastKnownFileType = sourcecode.c.h; path = AppDelegate.h; sourceTree = "<group>"; };
		84C7C7F522414EB900A33B22 /* AppDelegate.m */ = {isa = PBXFileReference; lastKnownFileType = sourcecode.c.objc; path = AppDelegate.m; sourceTree = "<group>"; };
		84C7C7F722414EB900A33B22 /* ViewController.h */ = {isa = PBXFileReference; lastKnownFileType = sourcecode.c.h; path = ViewController.h; sourceTree = "<group>"; };
		84C7C7F822414EB900A33B22 /* ViewController.m */ = {isa = PBXFileReference; lastKnownFileType = sourcecode.c.objc; path = ViewController.m; sourceTree = "<group>"; };
		84C7C7FB22414EB900A33B22 /* Base */ = {isa = PBXFileReference; lastKnownFileType = file.storyboard; name = Base; path = Base.lproj/Main.storyboard; sourceTree = "<group>"; };
		84C7C7FD22414EBA00A33B22 /* Assets.xcassets */ = {isa = PBXFileReference; lastKnownFileType = folder.assetcatalog; path = Assets.xcassets; sourceTree = "<group>"; };
		84C7C80022414EBA00A33B22 /* Base */ = {isa = PBXFileReference; lastKnownFileType = file.storyboard; name = Base; path = Base.lproj/LaunchScreen.storyboard; sourceTree = "<group>"; };
		84C7C80222414EBA00A33B22 /* Info.plist */ = {isa = PBXFileReference; lastKnownFileType = text.plist.xml; path = Info.plist; sourceTree = "<group>"; };
		84C7C80322414EBA00A33B22 /* main.m */ = {isa = PBXFileReference; lastKnownFileType = sourcecode.c.objc; path = main.m; sourceTree = "<group>"; };
		84C7C80A22414F0700A33B22 /* HoverPageViewController.h */ = {isa = PBXFileReference; lastKnownFileType = sourcecode.c.h; path = HoverPageViewController.h; sourceTree = "<group>"; };
		84C7C80B22414F0700A33B22 /* HoverPageViewController.m */ = {isa = PBXFileReference; lastKnownFileType = sourcecode.c.objc; path = HoverPageViewController.m; sourceTree = "<group>"; };
		84C7C80D2243E8B300A33B22 /* Children1ViewController.h */ = {isa = PBXFileReference; lastKnownFileType = sourcecode.c.h; path = Children1ViewController.h; sourceTree = "<group>"; };
		84C7C80E2243E8B300A33B22 /* Children1ViewController.m */ = {isa = PBXFileReference; lastKnownFileType = sourcecode.c.objc; path = Children1ViewController.m; sourceTree = "<group>"; };
		84C7C8102243E8C600A33B22 /* Children2ViewController.h */ = {isa = PBXFileReference; lastKnownFileType = sourcecode.c.h; path = Children2ViewController.h; sourceTree = "<group>"; };
		84C7C8112243E8C600A33B22 /* Children2ViewController.m */ = {isa = PBXFileReference; lastKnownFileType = sourcecode.c.objc; path = Children2ViewController.m; sourceTree = "<group>"; };
		84C7C8132243E8D800A33B22 /* Children3ViewController.h */ = {isa = PBXFileReference; lastKnownFileType = sourcecode.c.h; path = Children3ViewController.h; sourceTree = "<group>"; };
		84C7C8142243E8D800A33B22 /* Children3ViewController.m */ = {isa = PBXFileReference; lastKnownFileType = sourcecode.c.objc; path = Children3ViewController.m; sourceTree = "<group>"; };
/* End PBXFileReference section */

/* Begin PBXFrameworksBuildPhase section */
		84C7C7EE22414EB900A33B22 /* Frameworks */ = {
			isa = PBXFrameworksBuildPhase;
			buildActionMask = 2147483647;
			files = (
			);
			runOnlyForDeploymentPostprocessing = 0;
		};
/* End PBXFrameworksBuildPhase section */

/* Begin PBXGroup section */
		84C7C7E822414EB900A33B22 = {
			isa = PBXGroup;
			children = (
				84C7C7F322414EB900A33B22 /* HoverDome_OC */,
				84C7C7F222414EB900A33B22 /* Products */,
			);
			sourceTree = "<group>";
		};
		84C7C7F222414EB900A33B22 /* Products */ = {
			isa = PBXGroup;
			children = (
				84C7C7F122414EB900A33B22 /* HoverDome_OC.app */,
			);
			name = Products;
			sourceTree = "<group>";
		};
		84C7C7F322414EB900A33B22 /* HoverDome_OC */ = {
			isa = PBXGroup;
			children = (
				84C7C7F422414EB900A33B22 /* AppDelegate.h */,
				84C7C7F522414EB900A33B22 /* AppDelegate.m */,
				84C7C7F822414EB900A33B22 /* ViewController.m */,
				84C7C7F722414EB900A33B22 /* ViewController.h */,
				84C7C80D2243E8B300A33B22 /* Children1ViewController.h */,
				84C7C80E2243E8B300A33B22 /* Children1ViewController.m */,
				84C7C8102243E8C600A33B22 /* Children2ViewController.h */,
				84C7C8112243E8C600A33B22 /* Children2ViewController.m */,
				84C7C8132243E8D800A33B22 /* Children3ViewController.h */,
				84C7C8142243E8D800A33B22 /* Children3ViewController.m */,
				84C7C80A22414F0700A33B22 /* HoverPageViewController.h */,
				84C7C80B22414F0700A33B22 /* HoverPageViewController.m */,
				84C7C7FA22414EB900A33B22 /* Main.storyboard */,
				84C7C7FD22414EBA00A33B22 /* Assets.xcassets */,
				84C7C7FF22414EBA00A33B22 /* LaunchScreen.storyboard */,
				84C7C80222414EBA00A33B22 /* Info.plist */,
				84C7C80322414EBA00A33B22 /* main.m */,
			);
			path = HoverDome_OC;
			sourceTree = "<group>";
		};
/* End PBXGroup section */

/* Begin PBXNativeTarget section */
		84C7C7F022414EB900A33B22 /* HoverDome_OC */ = {
			isa = PBXNativeTarget;
			buildConfigurationList = 84C7C80722414EBA00A33B22 /* Build configuration list for PBXNativeTarget "HoverDome_OC" */;
			buildPhases = (
				84C7C7ED22414EB900A33B22 /* Sources */,
				84C7C7EE22414EB900A33B22 /* Frameworks */,
				84C7C7EF22414EB900A33B22 /* Resources */,
			);
			buildRules = (
			);
			dependencies = (
			);
			name = HoverDome_OC;
			productName = HoverDome_OC;
			productReference = 84C7C7F122414EB900A33B22 /* HoverDome_OC.app */;
			productType = "com.apple.product-type.application";
		};
/* End PBXNativeTarget section */

/* Begin PBXProject section */
		84C7C7E922414EB900A33B22 /* Project object */ = {
			isa = PBXProject;
			attributes = {
				LastUpgradeCheck = 1010;
				ORGANIZATIONNAME = com.etraffic.EasyCharging;
				TargetAttributes = {
					84C7C7F022414EB900A33B22 = {
						CreatedOnToolsVersion = 10.1;
					};
				};
			};
			buildConfigurationList = 84C7C7EC22414EB900A33B22 /* Build configuration list for PBXProject "HoverDome_OC" */;
			compatibilityVersion = "Xcode 9.3";
			developmentRegion = en;
			hasScannedForEncodings = 0;
			knownRegions = (
				en,
				Base,
			);
			mainGroup = 84C7C7E822414EB900A33B22;
			productRefGroup = 84C7C7F222414EB900A33B22 /* Products */;
			projectDirPath = "";
			projectRoot = "";
			targets = (
				84C7C7F022414EB900A33B22 /* HoverDome_OC */,
			);
		};
/* End PBXProject section */

/* Begin PBXResourcesBuildPhase section */
		84C7C7EF22414EB900A33B22 /* Resources */ = {
			isa = PBXResourcesBuildPhase;
			buildActionMask = 2147483647;
			files = (
				84C7C80122414EBA00A33B22 /* LaunchScreen.storyboard in Resources */,
				84C7C7FE22414EBA00A33B22 /* Assets.xcassets in Resources */,
				84C7C7FC22414EB900A33B22 /* Main.storyboard in Resources */,
			);
			runOnlyForDeploymentPostprocessing = 0;
		};
/* End PBXResourcesBuildPhase section */

/* Begin PBXSourcesBuildPhase section */
		84C7C7ED22414EB900A33B22 /* Sources */ = {
			isa = PBXSourcesBuildPhase;
			buildActionMask = 2147483647;
			files = (
				84C7C8122243E8C600A33B22 /* Children2ViewController.m in Sources */,
				84C7C80C22414F0700A33B22 /* HoverPageViewController.m in Sources */,
				84C7C7F922414EB900A33B22 /* ViewController.m in Sources */,
				84C7C80F2243E8B300A33B22 /* Children1ViewController.m in Sources */,
				84C7C80422414EBA00A33B22 /* main.m in Sources */,
				84C7C7F622414EB900A33B22 /* AppDelegate.m in Sources */,
				84C7C8152243E8D800A33B22 /* Children3ViewController.m in Sources */,
			);
			runOnlyForDeploymentPostprocessing = 0;
		};
/* End PBXSourcesBuildPhase section */

/* Begin PBXVariantGroup section */
		84C7C7FA22414EB900A33B22 /* Main.storyboard */ = {
			isa = PBXVariantGroup;
			children = (
				84C7C7FB22414EB900A33B22 /* Base */,
			);
			name = Main.storyboard;
			sourceTree = "<group>";
		};
		84C7C7FF22414EBA00A33B22 /* LaunchScreen.storyboard */ = {
			isa = PBXVariantGroup;
			children = (
				84C7C80022414EBA00A33B22 /* Base */,
			);
			name = LaunchScreen.storyboard;
			sourceTree = "<group>";
		};
/* End PBXVariantGroup section */

/* Begin XCBuildConfiguration section */
		84C7C80522414EBA00A33B22 /* Debug */ = {
			isa = XCBuildConfiguration;
			buildSettings = {
				ALWAYS_SEARCH_USER_PATHS = NO;
				CLANG_ANALYZER_NONNULL = YES;
				CLANG_ANALYZER_NUMBER_OBJECT_CONVERSION = YES_AGGRESSIVE;
				CLANG_CXX_LANGUAGE_STANDARD = "gnu++14";
				CLANG_CXX_LIBRARY = "libc++";
				CLANG_ENABLE_MODULES = YES;
				CLANG_ENABLE_OBJC_ARC = YES;
				CLANG_ENABLE_OBJC_WEAK = YES;
				CLANG_WARN_BLOCK_CAPTURE_AUTORELEASING = YES;
				CLANG_WARN_BOOL_CONVERSION = YES;
				CLANG_WARN_COMMA = YES;
				CLANG_WARN_CONSTANT_CONVERSION = YES;
				CLANG_WARN_DEPRECATED_OBJC_IMPLEMENTATIONS = YES;
				CLANG_WARN_DIRECT_OBJC_ISA_USAGE = YES_ERROR;
				CLANG_WARN_DOCUMENTATION_COMMENTS = YES;
				CLANG_WARN_EMPTY_BODY = YES;
				CLANG_WARN_ENUM_CONVERSION = YES;
				CLANG_WARN_INFINITE_RECURSION = YES;
				CLANG_WARN_INT_CONVERSION = YES;
				CLANG_WARN_NON_LITERAL_NULL_CONVERSION = YES;
				CLANG_WARN_OBJC_IMPLICIT_RETAIN_SELF = YES;
				CLANG_WARN_OBJC_LITERAL_CONVERSION = YES;
				CLANG_WARN_OBJC_ROOT_CLASS = YES_ERROR;
				CLANG_WARN_RANGE_LOOP_ANALYSIS = YES;
				CLANG_WARN_STRICT_PROTOTYPES = YES;
				CLANG_WARN_SUSPICIOUS_MOVE = YES;
				CLANG_WARN_UNGUARDED_AVAILABILITY = YES_AGGRESSIVE;
				CLANG_WARN_UNREACHABLE_CODE = YES;
				CLANG_WARN__DUPLICATE_METHOD_MATCH = YES;
				CODE_SIGN_IDENTITY = "iPhone Developer";
				COPY_PHASE_STRIP = NO;
				DEBUG_INFORMATION_FORMAT = dwarf;
				ENABLE_STRICT_OBJC_MSGSEND = YES;
				ENABLE_TESTABILITY = YES;
				GCC_C_LANGUAGE_STANDARD = gnu11;
				GCC_DYNAMIC_NO_PIC = NO;
				GCC_NO_COMMON_BLOCKS = YES;
				GCC_OPTIMIZATION_LEVEL = 0;
				GCC_PREPROCESSOR_DEFINITIONS = (
					"DEBUG=1",
					"$(inherited)",
				);
				GCC_WARN_64_TO_32_BIT_CONVERSION = YES;
				GCC_WARN_ABOUT_RETURN_TYPE = YES_ERROR;
				GCC_WARN_UNDECLARED_SELECTOR = YES;
				GCC_WARN_UNINITIALIZED_AUTOS = YES_AGGRESSIVE;
				GCC_WARN_UNUSED_FUNCTION = YES;
				GCC_WARN_UNUSED_VARIABLE = YES;
				IPHONEOS_DEPLOYMENT_TARGET = 12.1;
				MTL_ENABLE_DEBUG_INFO = INCLUDE_SOURCE;
				MTL_FAST_MATH = YES;
				ONLY_ACTIVE_ARCH = YES;
				SDKROOT = iphoneos;
			};
			name = Debug;
		};
		84C7C80622414EBA00A33B22 /* Release */ = {
			isa = XCBuildConfiguration;
			buildSettings = {
				ALWAYS_SEARCH_USER_PATHS = NO;
				CLANG_ANALYZER_NONNULL = YES;
				CLANG_ANALYZER_NUMBER_OBJECT_CONVERSION = YES_AGGRESSIVE;
				CLANG_CXX_LANGUAGE_STANDARD = "gnu++14";
				CLANG_CXX_LIBRARY = "libc++";
				CLANG_ENABLE_MODULES = YES;
				CLANG_ENABLE_OBJC_ARC = YES;
				CLANG_ENABLE_OBJC_WEAK = YES;
				CLANG_WARN_BLOCK_CAPTURE_AUTORELEASING = YES;
				CLANG_WARN_BOOL_CONVERSION = YES;
				CLANG_WARN_COMMA = YES;
				CLANG_WARN_CONSTANT_CONVERSION = YES;
				CLANG_WARN_DEPRECATED_OBJC_IMPLEMENTATIONS = YES;
				CLANG_WARN_DIRECT_OBJC_ISA_USAGE = YES_ERROR;
				CLANG_WARN_DOCUMENTATION_COMMENTS = YES;
				CLANG_WARN_EMPTY_BODY = YES;
				CLANG_WARN_ENUM_CONVERSION = YES;
				CLANG_WARN_INFINITE_RECURSION = YES;
				CLANG_WARN_INT_CONVERSION = YES;
				CLANG_WARN_NON_LITERAL_NULL_CONVERSION = YES;
				CLANG_WARN_OBJC_IMPLICIT_RETAIN_SELF = YES;
				CLANG_WARN_OBJC_LITERAL_CONVERSION = YES;
				CLANG_WARN_OBJC_ROOT_CLASS = YES_ERROR;
				CLANG_WARN_RANGE_LOOP_ANALYSIS = YES;
				CLANG_WARN_STRICT_PROTOTYPES = YES;
				CLANG_WARN_SUSPICIOUS_MOVE = YES;
				CLANG_WARN_UNGUARDED_AVAILABILITY = YES_AGGRESSIVE;
				CLANG_WARN_UNREACHABLE_CODE = YES;
				CLANG_WARN__DUPLICATE_METHOD_MATCH = YES;
				CODE_SIGN_IDENTITY = "iPhone Developer";
				COPY_PHASE_STRIP = NO;
				DEBUG_INFORMATION_FORMAT = "dwarf-with-dsym";
				ENABLE_NS_ASSERTIONS = NO;
				ENABLE_STRICT_OBJC_MSGSEND = YES;
				GCC_C_LANGUAGE_STANDARD = gnu11;
				GCC_NO_COMMON_BLOCKS = YES;
				GCC_WARN_64_TO_32_BIT_CONVERSION = YES;
				GCC_WARN_ABOUT_RETURN_TYPE = YES_ERROR;
				GCC_WARN_UNDECLARED_SELECTOR = YES;
				GCC_WARN_UNINITIALIZED_AUTOS = YES_AGGRESSIVE;
				GCC_WARN_UNUSED_FUNCTION = YES;
				GCC_WARN_UNUSED_VARIABLE = YES;
				IPHONEOS_DEPLOYMENT_TARGET = 12.1;
				MTL_ENABLE_DEBUG_INFO = NO;
				MTL_FAST_MATH = YES;
				SDKROOT = iphoneos;
				VALIDATE_PRODUCT = YES;
			};
			name = Release;
		};
		84C7C80822414EBA00A33B22 /* Debug */ = {
			isa = XCBuildConfiguration;
			buildSettings = {
				ASSETCATALOG_COMPILER_APPICON_NAME = AppIcon;
				CODE_SIGN_STYLE = Automatic;
				DEVELOPMENT_TEAM = 3548UVUD68;
				INFOPLIST_FILE = HoverDome_OC/Info.plist;
				IPHONEOS_DEPLOYMENT_TARGET = 9.0;
				LD_RUNPATH_SEARCH_PATHS = (
					"$(inherited)",
					"@executable_path/Frameworks",
				);
				PRODUCT_BUNDLE_IDENTIFIER = "HoverDome-OC";
				PRODUCT_NAME = "$(TARGET_NAME)";
				TARGETED_DEVICE_FAMILY = 1;
			};
			name = Debug;
		};
		84C7C80922414EBA00A33B22 /* Release */ = {
			isa = XCBuildConfiguration;
			buildSettings = {
				ASSETCATALOG_COMPILER_APPICON_NAME = AppIcon;
				CODE_SIGN_STYLE = Automatic;
				DEVELOPMENT_TEAM = 3548UVUD68;
				INFOPLIST_FILE = HoverDome_OC/Info.plist;
				IPHONEOS_DEPLOYMENT_TARGET = 9.0;
				LD_RUNPATH_SEARCH_PATHS = (
					"$(inherited)",
					"@executable_path/Frameworks",
				);
				PRODUCT_BUNDLE_IDENTIFIER = "HoverDome-OC";
				PRODUCT_NAME = "$(TARGET_NAME)";
				TARGETED_DEVICE_FAMILY = 1;
			};
			name = Release;
		};
/* End XCBuildConfiguration section */

/* Begin XCConfigurationList section */
		84C7C7EC22414EB900A33B22 /* Build configuration list for PBXProject "HoverDome_OC" */ = {
			isa = XCConfigurationList;
			buildConfigurations = (
				84C7C80522414EBA00A33B22 /* Debug */,
				84C7C80622414EBA00A33B22 /* Release */,
			);
			defaultConfigurationIsVisible = 0;
			defaultConfigurationName = Release;
		};
		84C7C80722414EBA00A33B22 /* Build configuration list for PBXNativeTarget "HoverDome_OC" */ = {
			isa = XCConfigurationList;
			buildConfigurations = (
				84C7C80822414EBA00A33B22 /* Debug */,
				84C7C80922414EBA00A33B22 /* Release */,
			);
			defaultConfigurationIsVisible = 0;
			defaultConfigurationName = Release;
		};
/* End XCConfigurationList section */
	};
	rootObject = 84C7C7E922414EB900A33B22 /* Project object */;
}
